
Microsoft Visual Studio Solution File, Format Version 12.00
# Visual Studio Version 16
VisualStudioVersion = 16.0.30804.86
MinimumVisualStudioVersion = 10.0.40219.1
Project("{FAE04EC0-301F-11D3-BF4B-00C04F79EFBC}") = "GitHub API with Blazer", "GitHub API with Blazer.csproj", "{F1D959E3-A1D6-4966-9259-753FF6523C62}"
EndProject
Global
	GlobalSection(SolutionConfigurationPlatforms) = preSolution
		Debug|Any CPU = Debug|Any CPU
		Release|Any CPU = Release|Any CPU
	EndGlobalSection
	GlobalSection(ProjectConfigurationPlatforms) = postSolution
		{F1D959E3-A1D6-4966-9259-753FF6523C62}.Debug|Any CPU.ActiveCfg = Debug|Any CPU
		{F1D959E3-A1D6-4966-9259-753FF6523C62}.Debug|Any CPU.Build.0 = Debug|Any CPU
		{F1D959E3-A1D6-4966-9259-753FF6523C62}.Release|Any CPU.ActiveCfg = Release|Any CPU
		{F1D959E3-A1D6-4966-9259-753FF6523C62}.Release|Any CPU.Build.0 = Release|Any CPU
	EndGlobalSection
	GlobalSection(SolutionProperties) = preSolution
		HideSolutionNode = FALSE
	EndGlobalSection
	GlobalSection(ExtensibilityGlobals) = postSolution
		SolutionGuid = {69001FFF-54FD-460E-A1FE-CF634DE6788A}
	EndGlobalSection
EndGlobal
